
Microsoft Visual Studio Solution File, Format Version 12.00
# Visual Studio Version 16
VisualStudioVersion = 16.0.32126.315
MinimumVisualStudioVersion = 10.0.40219.1
Project("{FAE04EC0-301F-11D3-BF4B-00C04F79EFBC}") = "QLBanHang", "QLBanHang\QLBanHang.csproj", "{98124A8E-96B5-484B-84F8-5E94EC0F39AE}"
EndProject
Global
	GlobalSection(SolutionConfigurationPlatforms) = preSolution
		Debug|Any CPU = Debug|Any CPU
		Release|Any CPU = Release|Any CPU
	EndGlobalSection
	GlobalSection(ProjectConfigurationPlatforms) = postSolution
		{98124A8E-96B5-484B-84F8-5E94EC0F39AE}.Debug|Any CPU.ActiveCfg = Debug|Any CPU
		{98124A8E-96B5-484B-84F8-5E94EC0F39AE}.Debug|Any CPU.Build.0 = Debug|Any CPU
		{98124A8E-96B5-484B-84F8-5E94EC0F39AE}.Release|Any CPU.ActiveCfg = Release|Any CPU
		{98124A8E-96B5-484B-84F8-5E94EC0F39AE}.Release|Any CPU.Build.0 = Release|Any CPU
	EndGlobalSection
	GlobalSection(SolutionProperties) = preSolution
		HideSolutionNode = FALSE
	EndGlobalSection
	GlobalSection(ExtensibilityGlobals) = postSolution
		SolutionGuid = {A411180B-F35D-461B-88D7-0FAB06D0020F}
	EndGlobalSection
EndGlobal
