
Microsoft Visual Studio Solution File, Format Version 12.00
# Visual Studio Version 16
VisualStudioVersion = 16.0.32126.315
MinimumVisualStudioVersion = 10.0.40219.1
Project("{FAE04EC0-301F-11D3-BF4B-00C04F79EFBC}") = "bai4_phieu_baitap1", "bai4_phieu_baitap1\bai4_phieu_baitap1.csproj", "{B3BE3383-A809-46B6-800A-6618EB5899E0}"
EndProject
Project("{FAE04EC0-301F-11D3-BF4B-00C04F79EFBC}") = "bai2", "bai2\bai2.csproj", "{2DBB70EB-C48B-46D7-987B-CC58B64A281C}"
EndProject
Project("{FAE04EC0-301F-11D3-BF4B-00C04F79EFBC}") = "bai3", "bai3\bai3.csproj", "{525DDB4A-38BB-4B55-BF12-39A9605D8DD5}"
EndProject
Global
	GlobalSection(SolutionConfigurationPlatforms) = preSolution
		Debug|Any CPU = Debug|Any CPU
		Release|Any CPU = Release|Any CPU
	EndGlobalSection
	GlobalSection(ProjectConfigurationPlatforms) = postSolution
		{B3BE3383-A809-46B6-800A-6618EB5899E0}.Debug|Any CPU.ActiveCfg = Debug|Any CPU
		{B3BE3383-A809-46B6-800A-6618EB5899E0}.Debug|Any CPU.Build.0 = Debug|Any CPU
		{B3BE3383-A809-46B6-800A-6618EB5899E0}.Release|Any CPU.ActiveCfg = Release|Any CPU
		{B3BE3383-A809-46B6-800A-6618EB5899E0}.Release|Any CPU.Build.0 = Release|Any CPU
		{2DBB70EB-C48B-46D7-987B-CC58B64A281C}.Debug|Any CPU.ActiveCfg = Debug|Any CPU
		{2DBB70EB-C48B-46D7-987B-CC58B64A281C}.Debug|Any CPU.Build.0 = Debug|Any CPU
		{2DBB70EB-C48B-46D7-987B-CC58B64A281C}.Release|Any CPU.ActiveCfg = Release|Any CPU
		{2DBB70EB-C48B-46D7-987B-CC58B64A281C}.Release|Any CPU.Build.0 = Release|Any CPU
		{525DDB4A-38BB-4B55-BF12-39A9605D8DD5}.Debug|Any CPU.ActiveCfg = Debug|Any CPU
		{525DDB4A-38BB-4B55-BF12-39A9605D8DD5}.Debug|Any CPU.Build.0 = Debug|Any CPU
		{525DDB4A-38BB-4B55-BF12-39A9605D8DD5}.Release|Any CPU.ActiveCfg = Release|Any CPU
		{525DDB4A-38BB-4B55-BF12-39A9605D8DD5}.Release|Any CPU.Build.0 = Release|Any CPU
	EndGlobalSection
	GlobalSection(SolutionProperties) = preSolution
		HideSolutionNode = FALSE
	EndGlobalSection
	GlobalSection(ExtensibilityGlobals) = postSolution
		SolutionGuid = {2D713FD0-D21A-43FD-9ED5-B6F846AF9299}
	EndGlobalSection
EndGlobal
