
Microsoft Visual Studio Solution File, Format Version 12.00
# Visual Studio Version 16
VisualStudioVersion = 16.0.32126.315
MinimumVisualStudioVersion = 10.0.40219.1
Project("{FAE04EC0-301F-11D3-BF4B-00C04F79EFBC}") = "NguyenXuanHoang_2019605000_proj51", "NguyenXuanHoang_2019605000_proj51\NguyenXuanHoang_2019605000_proj51.csproj", "{09C860C6-36DA-4196-BEDA-57E1E9EBE497}"
EndProject
Global
	GlobalSection(SolutionConfigurationPlatforms) = preSolution
		Debug|Any CPU = Debug|Any CPU
		Release|Any CPU = Release|Any CPU
	EndGlobalSection
	GlobalSection(ProjectConfigurationPlatforms) = postSolution
		{09C860C6-36DA-4196-BEDA-57E1E9EBE497}.Debug|Any CPU.ActiveCfg = Debug|Any CPU
		{09C860C6-36DA-4196-BEDA-57E1E9EBE497}.Debug|Any CPU.Build.0 = Debug|Any CPU
		{09C860C6-36DA-4196-BEDA-57E1E9EBE497}.Release|Any CPU.ActiveCfg = Release|Any CPU
		{09C860C6-36DA-4196-BEDA-57E1E9EBE497}.Release|Any CPU.Build.0 = Release|Any CPU
	EndGlobalSection
	GlobalSection(SolutionProperties) = preSolution
		HideSolutionNode = FALSE
	EndGlobalSection
	GlobalSection(ExtensibilityGlobals) = postSolution
		SolutionGuid = {30D63FFF-49BB-48D0-A3A4-0D5DB4D0D966}
	EndGlobalSection
EndGlobal
